PODS:
  - CryptoSwift (1.3.2)
  - EllipticCurveKeyPair (2.0-beta1)
  - KeychainAccess (4.2.1)
  - PromiseKit (6.13.1):
    - PromiseKit/CorePromise (= 6.13.1)
    - PromiseKit/Foundation (= 6.13.1)
    - PromiseKit/UIKit (= 6.13.1)
  - PromiseKit/CorePromise (6.13.1)
  - PromiseKit/Foundation (6.13.1):
    - PromiseKit/CorePromise
  - PromiseKit/UIKit (6.13.1):
    - PromiseKit/CorePromise

DEPENDENCIES:
  - CryptoSwift (~> 1.3.0)
  - EllipticCurveKeyPair (~> 2.0-beta1)
  - KeychainAccess (~> 4.1)
  - PromiseKit (~> 6.13)

SPEC REPOS:
  trunk:
    - CryptoSwift
    - EllipticCurveKeyPair
    - KeychainAccess
    - PromiseKit

SPEC CHECKSUMS:
  CryptoSwift: 093499be1a94b0cae36e6c26b70870668cb56060
  EllipticCurveKeyPair: 0c447d7b6e1de511553e0beed42f2dd21b6bab07
  KeychainAccess: 9b07f665298d13c3a85881bd3171f6f49b8151c1
  PromiseKit: 28fda91c973cc377875d8c0ea4f973013c05b6db

PODFILE CHECKSUM: 49e096adca13f9d0d288735580dc30b73f614b0d

COCOAPODS: 1.10.0
