PODS:
  - CryptoSwift (1.3.2)
  - EllipticCurveKeyPair (2.0)
  - KeychainAccess (4.2.1)
  - PromiseKit (6.13.1):
    - PromiseKit/CorePromise (= 6.13.1)
    - PromiseKit/Foundation (= 6.13.1)
    - PromiseKit/UIKit (= 6.13.1)
  - PromiseKit/CorePromise (6.13.1)
  - PromiseKit/Foundation (6.13.1):
    - PromiseKit/CorePromise
  - PromiseKit/UIKit (6.13.1):
    - PromiseKit/CorePromise

DEPENDENCIES:
  - CryptoSwift (~> 1.3.0)
  - EllipticCurveKeyPair (~> 2.0)
  - KeychainAccess (~> 4.1)
  - PromiseKit (~> 6.13)

SPEC REPOS:
  trunk:
    - CryptoSwift
    - EllipticCurveKeyPair
    - KeychainAccess
    - PromiseKit

SPEC CHECKSUMS:
  CryptoSwift: 093499be1a94b0cae36e6c26b70870668cb56060
  EllipticCurveKeyPair: 8c69e5238a6e47243a10a48fbd41dfb19110b22e
  KeychainAccess: 9b07f665298d13c3a85881bd3171f6f49b8151c1
  PromiseKit: 28fda91c973cc377875d8c0ea4f973013c05b6db

PODFILE CHECKSUM: fc4e1e734c887c5ef37c02dfa76d3790617d9ae4

COCOAPODS: 1.10.0
